
Microsoft Visual Studio Solution File, Format Version 12.00
# Visual Studio 15
VisualStudioVersion = 15.0.27130.2024
MinimumVisualStudioVersion = 10.0.40219.1
Project("{FAE04EC0-301F-11D3-BF4B-00C04F79EFBC}") = "Strata.Data", "Strata.Data\Strata.Data.csproj", "{FF3E3C16-2CB6-462E-B471-C88C77D87A87}"
EndProject
Project("{FAE04EC0-301F-11D3-BF4B-00C04F79EFBC}") = "Strata.Services", "Strata.Services\Strata.Services.csproj", "{6FA0DC0E-5AE9-450B-B03F-DDDA0A715ADE}"
EndProject
Project("{FAE04EC0-301F-11D3-BF4B-00C04F79EFBC}") = "Strata.Utils", "Strata.Utils\Strata.Utils.csproj", "{F3183F7D-56FB-46FA-9919-28037CDBBC90}"
EndProject
Project("{FAE04EC0-301F-11D3-BF4B-00C04F79EFBC}") = "Strata.Interfaces", "Strata.Interfaces\Strata.Interfaces.csproj", "{F19A7406-2881-4A9C-B19B-2FCF5CA8E4B9}"
EndProject
Project("{FAE04EC0-301F-11D3-BF4B-00C04F79EFBC}") = "Strata.API", "Strata.API2\Strata.API.csproj", "{94B263DA-0B8C-4335-B6A0-A7915ECE280F}"
EndProject
Global
	GlobalSection(SolutionConfigurationPlatforms) = preSolution
		Debug|Any CPU = Debug|Any CPU
		Release|Any CPU = Release|Any CPU
	EndGlobalSection
	GlobalSection(ProjectConfigurationPlatforms) = postSolution
		{FF3E3C16-2CB6-462E-B471-C88C77D87A87}.Debug|Any CPU.ActiveCfg = Debug|Any CPU
		{FF3E3C16-2CB6-462E-B471-C88C77D87A87}.Debug|Any CPU.Build.0 = Debug|Any CPU
		{FF3E3C16-2CB6-462E-B471-C88C77D87A87}.Release|Any CPU.ActiveCfg = Release|Any CPU
		{FF3E3C16-2CB6-462E-B471-C88C77D87A87}.Release|Any CPU.Build.0 = Release|Any CPU
		{6FA0DC0E-5AE9-450B-B03F-DDDA0A715ADE}.Debug|Any CPU.ActiveCfg = Debug|Any CPU
		{6FA0DC0E-5AE9-450B-B03F-DDDA0A715ADE}.Debug|Any CPU.Build.0 = Debug|Any CPU
		{6FA0DC0E-5AE9-450B-B03F-DDDA0A715ADE}.Release|Any CPU.ActiveCfg = Release|Any CPU
		{6FA0DC0E-5AE9-450B-B03F-DDDA0A715ADE}.Release|Any CPU.Build.0 = Release|Any CPU
		{F3183F7D-56FB-46FA-9919-28037CDBBC90}.Debug|Any CPU.ActiveCfg = Debug|Any CPU
		{F3183F7D-56FB-46FA-9919-28037CDBBC90}.Debug|Any CPU.Build.0 = Debug|Any CPU
		{F3183F7D-56FB-46FA-9919-28037CDBBC90}.Release|Any CPU.ActiveCfg = Release|Any CPU
		{F3183F7D-56FB-46FA-9919-28037CDBBC90}.Release|Any CPU.Build.0 = Release|Any CPU
		{F19A7406-2881-4A9C-B19B-2FCF5CA8E4B9}.Debug|Any CPU.ActiveCfg = Debug|Any CPU
		{F19A7406-2881-4A9C-B19B-2FCF5CA8E4B9}.Debug|Any CPU.Build.0 = Debug|Any CPU
		{F19A7406-2881-4A9C-B19B-2FCF5CA8E4B9}.Release|Any CPU.ActiveCfg = Release|Any CPU
		{F19A7406-2881-4A9C-B19B-2FCF5CA8E4B9}.Release|Any CPU.Build.0 = Release|Any CPU
		{94B263DA-0B8C-4335-B6A0-A7915ECE280F}.Debug|Any CPU.ActiveCfg = Debug|Any CPU
		{94B263DA-0B8C-4335-B6A0-A7915ECE280F}.Debug|Any CPU.Build.0 = Debug|Any CPU
		{94B263DA-0B8C-4335-B6A0-A7915ECE280F}.Release|Any CPU.ActiveCfg = Release|Any CPU
		{94B263DA-0B8C-4335-B6A0-A7915ECE280F}.Release|Any CPU.Build.0 = Release|Any CPU
	EndGlobalSection
	GlobalSection(SolutionProperties) = preSolution
		HideSolutionNode = FALSE
	EndGlobalSection
	GlobalSection(ExtensibilityGlobals) = postSolution
		SolutionGuid = {59F5A45C-4E94-4838-BFB5-E59B4B7975D7}
	EndGlobalSection
EndGlobal
